// !$*UTF8*$!
{
	archiveVersion = 1;
	classes = {
	};
	objectVersion = 50;
	objects = {

/* Begin PBXBuildFile section */
		ED0BFB96231D9ECF00DCCF5F /* AppDelegate.swift in Sources */ = {isa = PBXBuildFile; fileRef = ED0BFB95231D9ECF00DCCF5F /* AppDelegate.swift */; };
		ED0BFB98231D9ECF00DCCF5F /* ViewController.swift in Sources */ = {isa = PBXBuildFile; fileRef = ED0BFB97231D9ECF00DCCF5F /* ViewController.swift */; };
		ED0BFB9B231D9ECF00DCCF5F /* Main.storyboard in Resources */ = {isa = PBXBuildFile; fileRef = ED0BFB99231D9ECF00DCCF5F /* Main.storyboard */; };
		ED0BFB9E231D9ECF00DCCF5F /* todoListApp.xcdatamodeld in Sources */ = {isa = PBXBuildFile; fileRef = ED0BFB9C231D9ECF00DCCF5F /* todoListApp.xcdatamodeld */; };
		ED0BFBA0231D9ED500DCCF5F /* Assets.xcassets in Resources */ = {isa = PBXBuildFile; fileRef = ED0BFB9F231D9ED500DCCF5F /* Assets.xcassets */; };
		ED0BFBA3231D9ED500DCCF5F /* LaunchScreen.storyboard in Resources */ = {isa = PBXBuildFile; fileRef = ED0BFBA1231D9ED500DCCF5F /* LaunchScreen.storyboard */; };
		EDE69014232959DC00A639FC /* CategoryViewController.swift in Sources */ = {isa = PBXBuildFile; fileRef = EDE69013232959DC00A639FC /* CategoryViewController.swift */; };
/* End PBXBuildFile section */

/* Begin PBXFileReference section */
		ED0BFB92231D9ECF00DCCF5F /* todoListApp.app */ = {isa = PBXFileReference; explicitFileType = wrapper.application; includeInIndex = 0; path = todoListApp.app; sourceTree = BUILT_PRODUCTS_DIR; };
		ED0BFB95231D9ECF00DCCF5F /* AppDelegate.swift */ = {isa = PBXFileReference; lastKnownFileType = sourcecode.swift; path = AppDelegate.swift; sourceTree = "<group>"; };
		ED0BFB97231D9ECF00DCCF5F /* ViewController.swift */ = {isa = PBXFileReference; lastKnownFileType = sourcecode.swift; path = ViewController.swift; sourceTree = "<group>"; };
		ED0BFB9A231D9ECF00DCCF5F /* Base */ = {isa = PBXFileReference; lastKnownFileType = file.storyboard; name = Base; path = Base.lproj/Main.storyboard; sourceTree = "<group>"; };
		ED0BFB9D231D9ECF00DCCF5F /* todoListApp.xcdatamodel */ = {isa = PBXFileReference; lastKnownFileType = wrapper.xcdatamodel; path = todoListApp.xcdatamodel; sourceTree = "<group>"; };
		ED0BFB9F231D9ED500DCCF5F /* Assets.xcassets */ = {isa = PBXFileReference; lastKnownFileType = folder.assetcatalog; path = Assets.xcassets; sourceTree = "<group>"; };
		ED0BFBA2231D9ED500DCCF5F /* Base */ = {isa = PBXFileReference; lastKnownFileType = file.storyboard; name = Base; path = Base.lproj/LaunchScreen.storyboard; sourceTree = "<group>"; };
		ED0BFBA4231D9ED500DCCF5F /* Info.plist */ = {isa = PBXFileReference; lastKnownFileType = text.plist.xml; path = Info.plist; sourceTree = "<group>"; };
		EDE69013232959DC00A639FC /* CategoryViewController.swift */ = {isa = PBXFileReference; lastKnownFileType = sourcecode.swift; path = CategoryViewController.swift; sourceTree = "<group>"; };
/* End PBXFileReference section */

/* Begin PBXFrameworksBuildPhase section */
		ED0BFB8F231D9ECF00DCCF5F /* Frameworks */ = {
			isa = PBXFrameworksBuildPhase;
			buildActionMask = 2147483647;
			files = (
			);
			runOnlyForDeploymentPostprocessing = 0;
		};
/* End PBXFrameworksBuildPhase section */

/* Begin PBXGroup section */
		ED0BFB89231D9ECF00DCCF5F = {
			isa = PBXGroup;
			children = (
				ED0BFB94231D9ECF00DCCF5F /* todoListApp */,
				ED0BFB93231D9ECF00DCCF5F /* Products */,
			);
			sourceTree = "<group>";
		};
		ED0BFB93231D9ECF00DCCF5F /* Products */ = {
			isa = PBXGroup;
			children = (
				ED0BFB92231D9ECF00DCCF5F /* todoListApp.app */,
			);
			name = Products;
			sourceTree = "<group>";
		};
		ED0BFB94231D9ECF00DCCF5F /* todoListApp */ = {
			isa = PBXGroup;
			children = (
				ED0BFB95231D9ECF00DCCF5F /* AppDelegate.swift */,
				EDE6901523297E0C00A639FC /* Data Modal */,
				EDE6901723297E1E00A639FC /* Controllers */,
				EDE6901623297E1500A639FC /* Views */,
				EDE6901823297E7300A639FC /* Supporting Files */,
				ED0BFBA4231D9ED500DCCF5F /* Info.plist */,
				ED0BFB9C231D9ECF00DCCF5F /* todoListApp.xcdatamodeld */,
			);
			path = todoListApp;
			sourceTree = "<group>";
		};
		EDE6901523297E0C00A639FC /* Data Modal */ = {
			isa = PBXGroup;
			children = (
			);
			path = "Data Modal";
			sourceTree = "<group>";
		};
		EDE6901623297E1500A639FC /* Views */ = {
			isa = PBXGroup;
			children = (
				ED0BFB99231D9ECF00DCCF5F /* Main.storyboard */,
			);
			path = Views;
			sourceTree = "<group>";
		};
		EDE6901723297E1E00A639FC /* Controllers */ = {
			isa = PBXGroup;
			children = (
				EDE69013232959DC00A639FC /* CategoryViewController.swift */,
				ED0BFB97231D9ECF00DCCF5F /* ViewController.swift */,
			);
			path = Controllers;
			sourceTree = "<group>";
		};
		EDE6901823297E7300A639FC /* Supporting Files */ = {
			isa = PBXGroup;
			children = (
				ED0BFB9F231D9ED500DCCF5F /* Assets.xcassets */,
				ED0BFBA1231D9ED500DCCF5F /* LaunchScreen.storyboard */,
			);
			path = "Supporting Files";
			sourceTree = "<group>";
		};
/* End PBXGroup section */

/* Begin PBXNativeTarget section */
		ED0BFB91231D9ECF00DCCF5F /* todoListApp */ = {
			isa = PBXNativeTarget;
			buildConfigurationList = ED0BFBA7231D9ED500DCCF5F /* Build configuration list for PBXNativeTarget "todoListApp" */;
			buildPhases = (
				ED0BFB8E231D9ECF00DCCF5F /* Sources */,
				ED0BFB8F231D9ECF00DCCF5F /* Frameworks */,
				ED0BFB90231D9ECF00DCCF5F /* Resources */,
			);
			buildRules = (
			);
			dependencies = (
			);
			name = todoListApp;
			productName = todoListApp;
			productReference = ED0BFB92231D9ECF00DCCF5F /* todoListApp.app */;
			productType = "com.apple.product-type.application";
		};
/* End PBXNativeTarget section */

/* Begin PBXProject section */
		ED0BFB8A231D9ECF00DCCF5F /* Project object */ = {
			isa = PBXProject;
			attributes = {
				LastSwiftUpdateCheck = 1020;
				LastUpgradeCheck = 1020;
				ORGANIZATIONNAME = "Maciej Wołejko";
				TargetAttributes = {
					ED0BFB91231D9ECF00DCCF5F = {
						CreatedOnToolsVersion = 10.2.1;
					};
				};
			};
			buildConfigurationList = ED0BFB8D231D9ECF00DCCF5F /* Build configuration list for PBXProject "todoListApp" */;
			compatibilityVersion = "Xcode 9.3";
			developmentRegion = en;
			hasScannedForEncodings = 0;
			knownRegions = (
				en,
				Base,
			);
			mainGroup = ED0BFB89231D9ECF00DCCF5F;
			productRefGroup = ED0BFB93231D9ECF00DCCF5F /* Products */;
			projectDirPath = "";
			projectRoot = "";
			targets = (
				ED0BFB91231D9ECF00DCCF5F /* todoListApp */,
			);
		};
/* End PBXProject section */

/* Begin PBXResourcesBuildPhase section */
		ED0BFB90231D9ECF00DCCF5F /* Resources */ = {
			isa = PBXResourcesBuildPhase;
			buildActionMask = 2147483647;
			files = (
				ED0BFBA3231D9ED500DCCF5F /* LaunchScreen.storyboard in Resources */,
				ED0BFBA0231D9ED500DCCF5F /* Assets.xcassets in Resources */,
				ED0BFB9B231D9ECF00DCCF5F /* Main.storyboard in Resources */,
			);
			runOnlyForDeploymentPostprocessing = 0;
		};
/* End PBXResourcesBuildPhase section */

/* Begin PBXSourcesBuildPhase section */
		ED0BFB8E231D9ECF00DCCF5F /* Sources */ = {
			isa = PBXSourcesBuildPhase;
			buildActionMask = 2147483647;
			files = (
				EDE69014232959DC00A639FC /* CategoryViewController.swift in Sources */,
				ED0BFB9E231D9ECF00DCCF5F /* todoListApp.xcdatamodeld in Sources */,
				ED0BFB98231D9ECF00DCCF5F /* ViewController.swift in Sources */,
				ED0BFB96231D9ECF00DCCF5F /* AppDelegate.swift in Sources */,
			);
			runOnlyForDeploymentPostprocessing = 0;
		};
/* End PBXSourcesBuildPhase section */

/* Begin PBXVariantGroup section */
		ED0BFB99231D9ECF00DCCF5F /* Main.storyboard */ = {
			isa = PBXVariantGroup;
			children = (
				ED0BFB9A231D9ECF00DCCF5F /* Base */,
			);
			name = Main.storyboard;
			sourceTree = "<group>";
		};
		ED0BFBA1231D9ED500DCCF5F /* LaunchScreen.storyboard */ = {
			isa = PBXVariantGroup;
			children = (
				ED0BFBA2231D9ED500DCCF5F /* Base */,
			);
			name = LaunchScreen.storyboard;
			sourceTree = "<group>";
		};
/* End PBXVariantGroup section */

/* Begin XCBuildConfiguration section */
		ED0BFBA5231D9ED500DCCF5F /* Debug */ = {
			isa = XCBuildConfiguration;
			buildSettings = {
				ALWAYS_SEARCH_USER_PATHS = NO;
				CLANG_ANALYZER_NONNULL = YES;
				CLANG_ANALYZER_NUMBER_OBJECT_CONVERSION = YES_AGGRESSIVE;
				CLANG_CXX_LANGUAGE_STANDARD = "gnu++14";
				CLANG_CXX_LIBRARY = "libc++";
				CLANG_ENABLE_MODULES = YES;
				CLANG_ENABLE_OBJC_ARC = YES;
				CLANG_ENABLE_OBJC_WEAK = YES;
				CLANG_WARN_BLOCK_CAPTURE_AUTORELEASING = YES;
				CLANG_WARN_BOOL_CONVERSION = YES;
				CLANG_WARN_COMMA = YES;
				CLANG_WARN_CONSTANT_CONVERSION = YES;
				CLANG_WARN_DEPRECATED_OBJC_IMPLEMENTATIONS = YES;
				CLANG_WARN_DIRECT_OBJC_ISA_USAGE = YES_ERROR;
				CLANG_WARN_DOCUMENTATION_COMMENTS = YES;
				CLANG_WARN_EMPTY_BODY = YES;
				CLANG_WARN_ENUM_CONVERSION = YES;
				CLANG_WARN_INFINITE_RECURSION = YES;
				CLANG_WARN_INT_CONVERSION = YES;
				CLANG_WARN_NON_LITERAL_NULL_CONVERSION = YES;
				CLANG_WARN_OBJC_IMPLICIT_RETAIN_SELF = YES;
				CLANG_WARN_OBJC_LITERAL_CONVERSION = YES;
				CLANG_WARN_OBJC_ROOT_CLASS = YES_ERROR;
				CLANG_WARN_RANGE_LOOP_ANALYSIS = YES;
				CLANG_WARN_STRICT_PROTOTYPES = YES;
				CLANG_WARN_SUSPICIOUS_MOVE = YES;
				CLANG_WARN_UNGUARDED_AVAILABILITY = YES_AGGRESSIVE;
				CLANG_WARN_UNREACHABLE_CODE = YES;
				CLANG_WARN__DUPLICATE_METHOD_MATCH = YES;
				CODE_SIGN_IDENTITY = "iPhone Developer";
				COPY_PHASE_STRIP = NO;
				DEBUG_INFORMATION_FORMAT = dwarf;
				ENABLE_STRICT_OBJC_MSGSEND = YES;
				ENABLE_TESTABILITY = YES;
				GCC_C_LANGUAGE_STANDARD = gnu11;
				GCC_DYNAMIC_NO_PIC = NO;
				GCC_NO_COMMON_BLOCKS = YES;
				GCC_OPTIMIZATION_LEVEL = 0;
				GCC_PREPROCESSOR_DEFINITIONS = (
					"DEBUG=1",
					"$(inherited)",
				);
				GCC_WARN_64_TO_32_BIT_CONVERSION = YES;
				GCC_WARN_ABOUT_RETURN_TYPE = YES_ERROR;
				GCC_WARN_UNDECLARED_SELECTOR = YES;
				GCC_WARN_UNINITIALIZED_AUTOS = YES_AGGRESSIVE;
				GCC_WARN_UNUSED_FUNCTION = YES;
				GCC_WARN_UNUSED_VARIABLE = YES;
				IPHONEOS_DEPLOYMENT_TARGET = 12.2;
				MTL_ENABLE_DEBUG_INFO = INCLUDE_SOURCE;
				MTL_FAST_MATH = YES;
				ONLY_ACTIVE_ARCH = YES;
				SDKROOT = iphoneos;
				SWIFT_ACTIVE_COMPILATION_CONDITIONS = DEBUG;
				SWIFT_OPTIMIZATION_LEVEL = "-Onone";
			};
			name = Debug;
		};
		ED0BFBA6231D9ED500DCCF5F /* Release */ = {
			isa = XCBuildConfiguration;
			buildSettings = {
				ALWAYS_SEARCH_USER_PATHS = NO;
				CLANG_ANALYZER_NONNULL = YES;
				CLANG_ANALYZER_NUMBER_OBJECT_CONVERSION = YES_AGGRESSIVE;
				CLANG_CXX_LANGUAGE_STANDARD = "gnu++14";
				CLANG_CXX_LIBRARY = "libc++";
				CLANG_ENABLE_MODULES = YES;
				CLANG_ENABLE_OBJC_ARC = YES;
				CLANG_ENABLE_OBJC_WEAK = YES;
				CLANG_WARN_BLOCK_CAPTURE_AUTORELEASING = YES;
				CLANG_WARN_BOOL_CONVERSION = YES;
				CLANG_WARN_COMMA = YES;
				CLANG_WARN_CONSTANT_CONVERSION = YES;
				CLANG_WARN_DEPRECATED_OBJC_IMPLEMENTATIONS = YES;
				CLANG_WARN_DIRECT_OBJC_ISA_USAGE = YES_ERROR;
				CLANG_WARN_DOCUMENTATION_COMMENTS = YES;
				CLANG_WARN_EMPTY_BODY = YES;
				CLANG_WARN_ENUM_CONVERSION = YES;
				CLANG_WARN_INFINITE_RECURSION = YES;
				CLANG_WARN_INT_CONVERSION = YES;
				CLANG_WARN_NON_LITERAL_NULL_CONVERSION = YES;
				CLANG_WARN_OBJC_IMPLICIT_RETAIN_SELF = YES;
				CLANG_WARN_OBJC_LITERAL_CONVERSION = YES;
				CLANG_WARN_OBJC_ROOT_CLASS = YES_ERROR;
				CLANG_WARN_RANGE_LOOP_ANALYSIS = YES;
				CLANG_WARN_STRICT_PROTOTYPES = YES;
				CLANG_WARN_SUSPICIOUS_MOVE = YES;
				CLANG_WARN_UNGUARDED_AVAILABILITY = YES_AGGRESSIVE;
				CLANG_WARN_UNREACHABLE_CODE = YES;
				CLANG_WARN__DUPLICATE_METHOD_MATCH = YES;
				CODE_SIGN_IDENTITY = "iPhone Developer";
				COPY_PHASE_STRIP = NO;
				DEBUG_INFORMATION_FORMAT = "dwarf-with-dsym";
				ENABLE_NS_ASSERTIONS = NO;
				ENABLE_STRICT_OBJC_MSGSEND = YES;
				GCC_C_LANGUAGE_STANDARD = gnu11;
				GCC_NO_COMMON_BLOCKS = YES;
				GCC_WARN_64_TO_32_BIT_CONVERSION = YES;
				GCC_WARN_ABOUT_RETURN_TYPE = YES_ERROR;
				GCC_WARN_UNDECLARED_SELECTOR = YES;
				GCC_WARN_UNINITIALIZED_AUTOS = YES_AGGRESSIVE;
				GCC_WARN_UNUSED_FUNCTION = YES;
				GCC_WARN_UNUSED_VARIABLE = YES;
				IPHONEOS_DEPLOYMENT_TARGET = 12.2;
				MTL_ENABLE_DEBUG_INFO = NO;
				MTL_FAST_MATH = YES;
				SDKROOT = iphoneos;
				SWIFT_COMPILATION_MODE = wholemodule;
				SWIFT_OPTIMIZATION_LEVEL = "-O";
				VALIDATE_PRODUCT = YES;
			};
			name = Release;
		};
		ED0BFBA8231D9ED500DCCF5F /* Debug */ = {
			isa = XCBuildConfiguration;
			buildSettings = {
				ASSETCATALOG_COMPILER_APPICON_NAME = AppIcon;
				CODE_SIGN_STYLE = Automatic;
				DEVELOPMENT_TEAM = 4S98Y6A4W2;
				INFOPLIST_FILE = todoListApp/Info.plist;
				LD_RUNPATH_SEARCH_PATHS = (
					"$(inherited)",
					"@executable_path/Frameworks",
				);
				PRODUCT_BUNDLE_IDENTIFIER = t.todoListApp;
				PRODUCT_NAME = "$(TARGET_NAME)";
				SWIFT_VERSION = 5.0;
				TARGETED_DEVICE_FAMILY = "1,2";
			};
			name = Debug;
		};
		ED0BFBA9231D9ED500DCCF5F /* Release */ = {
			isa = XCBuildConfiguration;
			buildSettings = {
				ASSETCATALOG_COMPILER_APPICON_NAME = AppIcon;
				CODE_SIGN_STYLE = Automatic;
				DEVELOPMENT_TEAM = 4S98Y6A4W2;
				INFOPLIST_FILE = todoListApp/Info.plist;
				LD_RUNPATH_SEARCH_PATHS = (
					"$(inherited)",
					"@executable_path/Frameworks",
				);
				PRODUCT_BUNDLE_IDENTIFIER = t.todoListApp;
				PRODUCT_NAME = "$(TARGET_NAME)";
				SWIFT_VERSION = 5.0;
				TARGETED_DEVICE_FAMILY = "1,2";
			};
			name = Release;
		};
/* End XCBuildConfiguration section */

/* Begin XCConfigurationList section */
		ED0BFB8D231D9ECF00DCCF5F /* Build configuration list for PBXProject "todoListApp" */ = {
			isa = XCConfigurationList;
			buildConfigurations = (
				ED0BFBA5231D9ED500DCCF5F /* Debug */,
				ED0BFBA6231D9ED500DCCF5F /* Release */,
			);
			defaultConfigurationIsVisible = 0;
			defaultConfigurationName = Release;
		};
		ED0BFBA7231D9ED500DCCF5F /* Build configuration list for PBXNativeTarget "todoListApp" */ = {
			isa = XCConfigurationList;
			buildConfigurations = (
				ED0BFBA8231D9ED500DCCF5F /* Debug */,
				ED0BFBA9231D9ED500DCCF5F /* Release */,
			);
			defaultConfigurationIsVisible = 0;
			defaultConfigurationName = Release;
		};
/* End XCConfigurationList section */

/* Begin XCVersionGroup section */
		ED0BFB9C231D9ECF00DCCF5F /* todoListApp.xcdatamodeld */ = {
			isa = XCVersionGroup;
			children = (
				ED0BFB9D231D9ECF00DCCF5F /* todoListApp.xcdatamodel */,
			);
			currentVersion = ED0BFB9D231D9ECF00DCCF5F /* todoListApp.xcdatamodel */;
			path = todoListApp.xcdatamodeld;
			sourceTree = "<group>";
			versionGroupType = wrapper.xcdatamodel;
		};
/* End XCVersionGroup section */
	};
	rootObject = ED0BFB8A231D9ECF00DCCF5F /* Project object */;
}
